// !$*UTF8*$!
{
	archiveVersion = 1;
	classes = {
	};
	objectVersion = 56;
	objects = {

/* Begin PBXBuildFile section */
		18F84FC340976EEB00A34496 /* laboratorium_7_zadanie_2App.swift in Sources */ = {isa = PBXBuildFile; fileRef = 18F84FC240976EEB00A34496 /* laboratorium_7_zadanie_2App.swift */; };
		18F84FC540976EEB00A34496 /* ContentView.swift in Sources */ = {isa = PBXBuildFile; fileRef = 18F84FC440976EEB00A34496 /* ContentView.swift */; };
		18F84FC740976EED00A34496 /* Assets.xcassets in Resources */ = {isa = PBXBuildFile; fileRef = 18F84FC640976EED00A34496 /* Assets.xcassets */; };
		18F84FCA40976EED00A34496 /* Preview Assets.xcassets in Resources */ = {isa = PBXBuildFile; fileRef = 18F84FC940976EED00A34496 /* Preview Assets.xcassets */; };
		18F84FD14097708300A34496 /* Apartment.swift in Sources */ = {isa = PBXBuildFile; fileRef = 18F84FD04097708300A34496 /* Apartment.swift */; };
		18F84FD3409770A200A34496 /* Home.swift in Sources */ = {isa = PBXBuildFile; fileRef = 18F84FD2409770A200A34496 /* Home.swift */; };
		18F84FD54097757A00A34496 /* HomeDetailView.swift in Sources */ = {isa = PBXBuildFile; fileRef = 18F84FD44097757A00A34496 /* HomeDetailView.swift */; };
		18F84FD7409775D500A34496 /* ApartmentDetailView.swift in Sources */ = {isa = PBXBuildFile; fileRef = 18F84FD6409775D500A34496 /* ApartmentDetailView.swift */; };
/* End PBXBuildFile section */

/* Begin PBXFileReference section */
		18F84FBF40976EEB00A34496 /* laboratorium_7_zadanie_2.app */ = {isa = PBXFileReference; explicitFileType = wrapper.application; includeInIndex = 0; path = laboratorium_7_zadanie_2.app; sourceTree = BUILT_PRODUCTS_DIR; };
		18F84FC240976EEB00A34496 /* laboratorium_7_zadanie_2App.swift */ = {isa = PBXFileReference; lastKnownFileType = sourcecode.swift; path = laboratorium_7_zadanie_2App.swift; sourceTree = "<group>"; };
		18F84FC440976EEB00A34496 /* ContentView.swift */ = {isa = PBXFileReference; lastKnownFileType = sourcecode.swift; path = ContentView.swift; sourceTree = "<group>"; };
		18F84FC640976EED00A34496 /* Assets.xcassets */ = {isa = PBXFileReference; lastKnownFileType = folder.assetcatalog; path = Assets.xcassets; sourceTree = "<group>"; };
		18F84FC940976EED00A34496 /* Preview Assets.xcassets */ = {isa = PBXFileReference; lastKnownFileType = folder.assetcatalog; path = "Preview Assets.xcassets"; sourceTree = "<group>"; };
		18F84FD04097708300A34496 /* Apartment.swift */ = {isa = PBXFileReference; lastKnownFileType = sourcecode.swift; path = Apartment.swift; sourceTree = "<group>"; };
		18F84FD2409770A200A34496 /* Home.swift */ = {isa = PBXFileReference; lastKnownFileType = sourcecode.swift; path = Home.swift; sourceTree = "<group>"; };
		18F84FD44097757A00A34496 /* HomeDetailView.swift */ = {isa = PBXFileReference; lastKnownFileType = sourcecode.swift; path = HomeDetailView.swift; sourceTree = "<group>"; };
		18F84FD6409775D500A34496 /* ApartmentDetailView.swift */ = {isa = PBXFileReference; lastKnownFileType = sourcecode.swift; path = ApartmentDetailView.swift; sourceTree = "<group>"; };
/* End PBXFileReference section */

/* Begin PBXFrameworksBuildPhase section */
		18F84FBC40976EEB00A34496 /* Frameworks */ = {
			isa = PBXFrameworksBuildPhase;
			buildActionMask = 2147483647;
			files = (
			);
			runOnlyForDeploymentPostprocessing = 0;
		};
/* End PBXFrameworksBuildPhase section */

/* Begin PBXGroup section */
		18F84FB640976EEB00A34496 = {
			isa = PBXGroup;
			children = (
				18F84FC140976EEB00A34496 /* laboratorium_7_zadanie_2 */,
				18F84FC040976EEB00A34496 /* Products */,
			);
			sourceTree = "<group>";
		};
		18F84FC040976EEB00A34496 /* Products */ = {
			isa = PBXGroup;
			children = (
				18F84FBF40976EEB00A34496 /* laboratorium_7_zadanie_2.app */,
			);
			name = Products;
			sourceTree = "<group>";
		};
		18F84FC140976EEB00A34496 /* laboratorium_7_zadanie_2 */ = {
			isa = PBXGroup;
			children = (
				18F84FD04097708300A34496 /* Apartment.swift */,
				18F84FD2409770A200A34496 /* Home.swift */,
				18F84FC240976EEB00A34496 /* laboratorium_7_zadanie_2App.swift */,
				18F84FD44097757A00A34496 /* HomeDetailView.swift */,
				18F84FD6409775D500A34496 /* ApartmentDetailView.swift */,
				18F84FC440976EEB00A34496 /* ContentView.swift */,
				18F84FC640976EED00A34496 /* Assets.xcassets */,
				18F84FC840976EED00A34496 /* Preview Content */,
			);
			path = laboratorium_7_zadanie_2;
			sourceTree = "<group>";
		};
		18F84FC840976EED00A34496 /* Preview Content */ = {
			isa = PBXGroup;
			children = (
				18F84FC940976EED00A34496 /* Preview Assets.xcassets */,
			);
			path = "Preview Content";
			sourceTree = "<group>";
		};
/* End PBXGroup section */

/* Begin PBXNativeTarget section */
		18F84FBE40976EEB00A34496 /* laboratorium_7_zadanie_2 */ = {
			isa = PBXNativeTarget;
			buildConfigurationList = 18F84FCD40976EED00A34496 /* Build configuration list for PBXNativeTarget "laboratorium_7_zadanie_2" */;
			buildPhases = (
				18F84FBB40976EEB00A34496 /* Sources */,
				18F84FBC40976EEB00A34496 /* Frameworks */,
				18F84FBD40976EEB00A34496 /* Resources */,
			);
			buildRules = (
			);
			dependencies = (
			);
			name = laboratorium_7_zadanie_2;
			productName = laboratorium_7_zadanie_2;
			productReference = 18F84FBF40976EEB00A34496 /* laboratorium_7_zadanie_2.app */;
			productType = "com.apple.product-type.application";
		};
/* End PBXNativeTarget section */

/* Begin PBXProject section */
		18F84FB740976EEB00A34496 /* Project object */ = {
			isa = PBXProject;
			attributes = {
				BuildIndependentTargetsInParallel = 1;
				LastSwiftUpdateCheck = 1420;
				LastUpgradeCheck = 1420;
				TargetAttributes = {
					18F84FBE40976EEB00A34496 = {
						CreatedOnToolsVersion = 14.2;
					};
				};
			};
			buildConfigurationList = 18F84FBA40976EEB00A34496 /* Build configuration list for PBXProject "laboratorium_7_zadanie_2" */;
			compatibilityVersion = "Xcode 14.0";
			developmentRegion = en;
			hasScannedForEncodings = 0;
			knownRegions = (
				en,
				Base,
			);
			mainGroup = 18F84FB640976EEB00A34496;
			productRefGroup = 18F84FC040976EEB00A34496 /* Products */;
			projectDirPath = "";
			projectRoot = "";
			targets = (
				18F84FBE40976EEB00A34496 /* laboratorium_7_zadanie_2 */,
			);
		};
/* End PBXProject section */

/* Begin PBXResourcesBuildPhase section */
		18F84FBD40976EEB00A34496 /* Resources */ = {
			isa = PBXResourcesBuildPhase;
			buildActionMask = 2147483647;
			files = (
				18F84FCA40976EED00A34496 /* Preview Assets.xcassets in Resources */,
				18F84FC740976EED00A34496 /* Assets.xcassets in Resources */,
			);
			runOnlyForDeploymentPostprocessing = 0;
		};
/* End PBXResourcesBuildPhase section */

/* Begin PBXSourcesBuildPhase section */
		18F84FBB40976EEB00A34496 /* Sources */ = {
			isa = PBXSourcesBuildPhase;
			buildActionMask = 2147483647;
			files = (
				18F84FD7409775D500A34496 /* ApartmentDetailView.swift in Sources */,
				18F84FD54097757A00A34496 /* HomeDetailView.swift in Sources */,
				18F84FC540976EEB00A34496 /* ContentView.swift in Sources */,
				18F84FC340976EEB00A34496 /* laboratorium_7_zadanie_2App.swift in Sources */,
				18F84FD3409770A200A34496 /* Home.swift in Sources */,
				18F84FD14097708300A34496 /* Apartment.swift in Sources */,
			);
			runOnlyForDeploymentPostprocessing = 0;
		};
/* End PBXSourcesBuildPhase section */

/* Begin XCBuildConfiguration section */
		18F84FCB40976EED00A34496 /* Debug */ = {
			isa = XCBuildConfiguration;
			buildSettings = {
				ALWAYS_SEARCH_USER_PATHS = NO;
				CLANG_ANALYZER_NONNULL = YES;
				CLANG_ANALYZER_NUMBER_OBJECT_CONVERSION = YES_AGGRESSIVE;
				CLANG_CXX_LANGUAGE_STANDARD = "gnu++20";
				CLANG_ENABLE_MODULES = YES;
				CLANG_ENABLE_OBJC_ARC = YES;
				CLANG_ENABLE_OBJC_WEAK = YES;
				CLANG_WARN_BLOCK_CAPTURE_AUTORELEASING = YES;
				CLANG_WARN_BOOL_CONVERSION = YES;
				CLANG_WARN_COMMA = YES;
				CLANG_WARN_CONSTANT_CONVERSION = YES;
				CLANG_WARN_DEPRECATED_OBJC_IMPLEMENTATIONS = YES;
				CLANG_WARN_DIRECT_OBJC_ISA_USAGE = YES_ERROR;
				CLANG_WARN_DOCUMENTATION_COMMENTS = YES;
				CLANG_WARN_EMPTY_BODY = YES;
				CLANG_WARN_ENUM_CONVERSION = YES;
				CLANG_WARN_INFINITE_RECURSION = YES;
				CLANG_WARN_INT_CONVERSION = YES;
				CLANG_WARN_NON_LITERAL_NULL_CONVERSION = YES;
				CLANG_WARN_OBJC_IMPLICIT_RETAIN_SELF = YES;
				CLANG_WARN_OBJC_LITERAL_CONVERSION = YES;
				CLANG_WARN_OBJC_ROOT_CLASS = YES_ERROR;
				CLANG_WARN_QUOTED_INCLUDE_IN_FRAMEWORK_HEADER = YES;
				CLANG_WARN_RANGE_LOOP_ANALYSIS = YES;
				CLANG_WARN_STRICT_PROTOTYPES = YES;
				CLANG_WARN_SUSPICIOUS_MOVE = YES;
				CLANG_WARN_UNGUARDED_AVAILABILITY = YES_AGGRESSIVE;
				CLANG_WARN_UNREACHABLE_CODE = YES;
				CLANG_WARN__DUPLICATE_METHOD_MATCH = YES;
				COPY_PHASE_STRIP = NO;
				DEBUG_INFORMATION_FORMAT = dwarf;
				ENABLE_STRICT_OBJC_MSGSEND = YES;
				ENABLE_TESTABILITY = YES;
				GCC_C_LANGUAGE_STANDARD = gnu11;
				GCC_DYNAMIC_NO_PIC = NO;
				GCC_NO_COMMON_BLOCKS = YES;
				GCC_OPTIMIZATION_LEVEL = 0;
				GCC_PREPROCESSOR_DEFINITIONS = (
					"DEBUG=1",
					"$(inherited)",
				);
				GCC_WARN_64_TO_32_BIT_CONVERSION = YES;
				GCC_WARN_ABOUT_RETURN_TYPE = YES_ERROR;
				GCC_WARN_UNDECLARED_SELECTOR = YES;
				GCC_WARN_UNINITIALIZED_AUTOS = YES_AGGRESSIVE;
				GCC_WARN_UNUSED_FUNCTION = YES;
				GCC_WARN_UNUSED_VARIABLE = YES;
				IPHONEOS_DEPLOYMENT_TARGET = 16.2;
				MTL_ENABLE_DEBUG_INFO = INCLUDE_SOURCE;
				MTL_FAST_MATH = YES;
				ONLY_ACTIVE_ARCH = YES;
				SDKROOT = iphoneos;
				SWIFT_ACTIVE_COMPILATION_CONDITIONS = DEBUG;
				SWIFT_OPTIMIZATION_LEVEL = "-Onone";
			};
			name = Debug;
		};
		18F84FCC40976EED00A34496 /* Release */ = {
			isa = XCBuildConfiguration;
			buildSettings = {
				ALWAYS_SEARCH_USER_PATHS = NO;
				CLANG_ANALYZER_NONNULL = YES;
				CLANG_ANALYZER_NUMBER_OBJECT_CONVERSION = YES_AGGRESSIVE;
				CLANG_CXX_LANGUAGE_STANDARD = "gnu++20";
				CLANG_ENABLE_MODULES = YES;
				CLANG_ENABLE_OBJC_ARC = YES;
				CLANG_ENABLE_OBJC_WEAK = YES;
				CLANG_WARN_BLOCK_CAPTURE_AUTORELEASING = YES;
				CLANG_WARN_BOOL_CONVERSION = YES;
				CLANG_WARN_COMMA = YES;
				CLANG_WARN_CONSTANT_CONVERSION = YES;
				CLANG_WARN_DEPRECATED_OBJC_IMPLEMENTATIONS = YES;
				CLANG_WARN_DIRECT_OBJC_ISA_USAGE = YES_ERROR;
				CLANG_WARN_DOCUMENTATION_COMMENTS = YES;
				CLANG_WARN_EMPTY_BODY = YES;
				CLANG_WARN_ENUM_CONVERSION = YES;
				CLANG_WARN_INFINITE_RECURSION = YES;
				CLANG_WARN_INT_CONVERSION = YES;
				CLANG_WARN_NON_LITERAL_NULL_CONVERSION = YES;
				CLANG_WARN_OBJC_IMPLICIT_RETAIN_SELF = YES;
				CLANG_WARN_OBJC_LITERAL_CONVERSION = YES;
				CLANG_WARN_OBJC_ROOT_CLASS = YES_ERROR;
				CLANG_WARN_QUOTED_INCLUDE_IN_FRAMEWORK_HEADER = YES;
				CLANG_WARN_RANGE_LOOP_ANALYSIS = YES;
				CLANG_WARN_STRICT_PROTOTYPES = YES;
				CLANG_WARN_SUSPICIOUS_MOVE = YES;
				CLANG_WARN_UNGUARDED_AVAILABILITY = YES_AGGRESSIVE;
				CLANG_WARN_UNREACHABLE_CODE = YES;
				CLANG_WARN__DUPLICATE_METHOD_MATCH = YES;
				COPY_PHASE_STRIP = NO;
				DEBUG_INFORMATION_FORMAT = "dwarf-with-dsym";
				ENABLE_NS_ASSERTIONS = NO;
				ENABLE_STRICT_OBJC_MSGSEND = YES;
				GCC_C_LANGUAGE_STANDARD = gnu11;
				GCC_NO_COMMON_BLOCKS = YES;
				GCC_WARN_64_TO_32_BIT_CONVERSION = YES;
				GCC_WARN_ABOUT_RETURN_TYPE = YES_ERROR;
				GCC_WARN_UNDECLARED_SELECTOR = YES;
				GCC_WARN_UNINITIALIZED_AUTOS = YES_AGGRESSIVE;
				GCC_WARN_UNUSED_FUNCTION = YES;
				GCC_WARN_UNUSED_VARIABLE = YES;
				IPHONEOS_DEPLOYMENT_TARGET = 16.2;
				MTL_ENABLE_DEBUG_INFO = NO;
				MTL_FAST_MATH = YES;
				SDKROOT = iphoneos;
				SWIFT_COMPILATION_MODE = wholemodule;
				SWIFT_OPTIMIZATION_LEVEL = "-O";
				VALIDATE_PRODUCT = YES;
			};
			name = Release;
		};
		18F84FCE40976EED00A34496 /* Debug */ = {
			isa = XCBuildConfiguration;
			buildSettings = {
				ASSETCATALOG_COMPILER_APPICON_NAME = AppIcon;
				ASSETCATALOG_COMPILER_GLOBAL_ACCENT_COLOR_NAME = AccentColor;
				CODE_SIGN_STYLE = Automatic;
				CURRENT_PROJECT_VERSION = 1;
				DEVELOPMENT_ASSET_PATHS = "\"laboratorium_7_zadanie_2/Preview Content\"";
				ENABLE_PREVIEWS = YES;
				GENERATE_INFOPLIST_FILE = YES;
				INFOPLIST_KEY_UIApplicationSceneManifest_Generation = YES;
				INFOPLIST_KEY_UIApplicationSupportsIndirectInputEvents = YES;
				INFOPLIST_KEY_UILaunchScreen_Generation = YES;
				INFOPLIST_KEY_UISupportedInterfaceOrientations_iPad = "UIInterfaceOrientationPortrait UIInterfaceOrientationPortraitUpsideDown UIInterfaceOrientationLandscapeLeft UIInterfaceOrientationLandscapeRight";
				INFOPLIST_KEY_UISupportedInterfaceOrientations_iPhone = "UIInterfaceOrientationPortrait UIInterfaceOrientationLandscapeLeft UIInterfaceOrientationLandscapeRight";
				LD_RUNPATH_SEARCH_PATHS = (
					"$(inherited)",
					"@executable_path/Frameworks",
				);
				MARKETING_VERSION = 1.0;
				PRODUCT_BUNDLE_IDENTIFIER = "com.sereda.robert.laboratorium-7-zadanie-2";
				PRODUCT_NAME = "$(TARGET_NAME)";
				SWIFT_EMIT_LOC_STRINGS = YES;
				SWIFT_VERSION = 5.0;
				TARGETED_DEVICE_FAMILY = "1,2";
			};
			name = Debug;
		};
		18F84FCF40976EED00A34496 /* Release */ = {
			isa = XCBuildConfiguration;
			buildSettings = {
				ASSETCATALOG_COMPILER_APPICON_NAME = AppIcon;
				ASSETCATALOG_COMPILER_GLOBAL_ACCENT_COLOR_NAME = AccentColor;
				CODE_SIGN_STYLE = Automatic;
				CURRENT_PROJECT_VERSION = 1;
				DEVELOPMENT_ASSET_PATHS = "\"laboratorium_7_zadanie_2/Preview Content\"";
				ENABLE_PREVIEWS = YES;
				GENERATE_INFOPLIST_FILE = YES;
				INFOPLIST_KEY_UIApplicationSceneManifest_Generation = YES;
				INFOPLIST_KEY_UIApplicationSupportsIndirectInputEvents = YES;
				INFOPLIST_KEY_UILaunchScreen_Generation = YES;
				INFOPLIST_KEY_UISupportedInterfaceOrientations_iPad = "UIInterfaceOrientationPortrait UIInterfaceOrientationPortraitUpsideDown UIInterfaceOrientationLandscapeLeft UIInterfaceOrientationLandscapeRight";
				INFOPLIST_KEY_UISupportedInterfaceOrientations_iPhone = "UIInterfaceOrientationPortrait UIInterfaceOrientationLandscapeLeft UIInterfaceOrientationLandscapeRight";
				LD_RUNPATH_SEARCH_PATHS = (
					"$(inherited)",
					"@executable_path/Frameworks",
				);
				MARKETING_VERSION = 1.0;
				PRODUCT_BUNDLE_IDENTIFIER = "com.sereda.robert.laboratorium-7-zadanie-2";
				PRODUCT_NAME = "$(TARGET_NAME)";
				SWIFT_EMIT_LOC_STRINGS = YES;
				SWIFT_VERSION = 5.0;
				TARGETED_DEVICE_FAMILY = "1,2";
			};
			name = Release;
		};
/* End XCBuildConfiguration section */

/* Begin XCConfigurationList section */
		18F84FBA40976EEB00A34496 /* Build configuration list for PBXProject "laboratorium_7_zadanie_2" */ = {
			isa = XCConfigurationList;
			buildConfigurations = (
				18F84FCB40976EED00A34496 /* Debug */,
				18F84FCC40976EED00A34496 /* Release */,
			);
			defaultConfigurationIsVisible = 0;
			defaultConfigurationName = Release;
		};
		18F84FCD40976EED00A34496 /* Build configuration list for PBXNativeTarget "laboratorium_7_zadanie_2" */ = {
			isa = XCConfigurationList;
			buildConfigurations = (
				18F84FCE40976EED00A34496 /* Debug */,
				18F84FCF40976EED00A34496 /* Release */,
			);
			defaultConfigurationIsVisible = 0;
			defaultConfigurationName = Release;
		};
/* End XCConfigurationList section */
	};
	rootObject = 18F84FB740976EEB00A34496 /* Project object */;
}
